{
  "name": "analytics-gremlin-conformance",
  "version": "1.0.0",
  "lockfileVersion": 3,
  "requires": true,
  "packages": {
    "": {
      "name": "analytics-gremlin-conformance",
      "version": "1.0.0",
      "dependencies": {
        "gremlin": "3.4.13"
      },
      "engines": {
        "node": "22.x"
      }
    },
    "node_modules/async-limiter": {
      "version": "1.0.1",
      "resolved": "https://registry.npmjs.org/async-limiter/-/async-limiter-1.0.1.tgz",
      "integrity": "sha512-csOlWGAcRFJaI6m+F2WKdnMKr4HhdhFVBk0H/QbJFMCr+uO2kwohwXQPxw/9OCxp05r5ghVBFSyioixx3gfkNQ==",
      "license": "MIT"
    },
    "node_modules/gremlin": {
      "version": "3.4.13",
      "resolved": "https://registry.npmjs.org/gremlin/-/gremlin-3.4.13.tgz",
      "integrity": "sha512-0GNBs0krRSBqFRz0azDrRmazQJfJkcKFZeZasrZ3xMuMurxWVJ15waMEPZa1yRqoGFwA2PXYdJivmN2VgCMU8w==",
      "license": "Apache-2.0",
      "dependencies": {
        "ws": "^6.2.2"
      },
      "engines": {
        "node": ">=6"
      }
    },
    "node_modules/ws": {
      "version": "6.2.6",
      "resolved": "https://registry.npmjs.org/ws/-/ws-6.2.6.tgz",
      "integrity": "sha512-XTrf1gv7kXoVf1hbC3PAyAiPgR8Wz1blcrYIjEsUmr08BLksT41R8KbjmS9408C2ERx7v1JDLD/BkpLEttjfKA==",
      "license": "MIT",
      "dependencies": {
        "async-limiter": "~1.0.0"
      }
    }
  }
}
